<?xml version="1.0" encoding="utf-8"?>
<Project ToolsVersion="4.0" xmlns="http://schemas.microsoft.com/developer/msbuild/2003">
  <ItemGroup>
    <Filter Include="源文件">
      <UniqueIdentifier>{4FC737F1-C7A5-4376-A066-2A32D752A2FF}</UniqueIdentifier>
      <Extensions>cpp;c;cc;cxx;c++;cppm;ixx;def;odl;idl;hpj;bat;asm;asmx</Extensions>
    </Filter>
    <Filter Include="头文件">
      <UniqueIdentifier>{93995380-89BD-4b04-88EB-625FBE52EBFB}</UniqueIdentifier>
      <Extensions>h;hh;hpp;hxx;h++;hm;inl;inc;ipp;xsd</Extensions>
    </Filter>
    <Filter Include="资源文件">
      <UniqueIdentifier>{67DA6AB6-F800-4c08-8B7A-83BB121AAD01}</UniqueIdentifier>
      <Extensions>rc;ico;cur;bmp;dlg;rc2;rct;bin;rgs;gif;jpg;jpeg;jpe;resx;tiff;tif;png;wav;mfcribbon-ms</Extensions>
    </Filter>
    <Filter Include="Wnd">
      <UniqueIdentifier>{a24ffc9b-fb59-46f2-900c-594c0758fe36}</UniqueIdentifier>
    </Filter>
    <Filter Include="Gl">
      <UniqueIdentifier>{7bba5db4-84d4-491e-8732-10dc48f578fc}</UniqueIdentifier>
    </Filter>
    <Filter Include="Test">
      <UniqueIdentifier>{97c1902f-180f-4de3-8967-5fd5ae37f94d}</UniqueIdentifier>
    </Filter>
  </ItemGroup>
  <ItemGroup>
    <ClCompile Include="Source\Test_wnd.cpp">
      <Filter>源文件</Filter>
    </ClCompile>
    <ClCompile Include="main.cpp">
      <Filter>源文件</Filter>
    </ClCompile>
    <ClCompile Include="Header\glad.c">
      <Filter>头文件</Filter>
    </ClCompile>
    <ClCompile Include="Source\Test_Triangle.cpp">
      <Filter>源文件</Filter>
    </ClCompile>
    <ClCompile Include="Source\Shader.cpp">
      <Filter>源文件</Filter>
    </ClCompile>
    <ClCompile Include="Source\GlWindow.cpp">
      <Filter>源文件</Filter>
    </ClCompile>
    <ClCompile Include="Source\GlProgram.cpp">
      <Filter>源文件</Filter>
    </ClCompile>
    <ClCompile Include="Source\stb_image.cpp">
      <Filter>源文件</Filter>
    </ClCompile>
    <ClCompile Include="Source\Test_Texture.cpp">
      <Filter>源文件</Filter>
    </ClCompile>
    <ClCompile Include="Source\TextureUnit.cpp">
      <Filter>源文件</Filter>
    </ClCompile>
    <ClCompile Include="Source\Application.cpp">
      <Filter>源文件</Filter>
    </ClCompile>
  </ItemGroup>
  <ItemGroup>
    <ClInclude Include="Wnd\GlWindow.h">
      <Filter>Wnd</Filter>
    </ClInclude>
    <ClInclude Include="Gl\Shader.h">
      <Filter>Gl</Filter>
    </ClInclude>
    <ClInclude Include="Gl\GlProgram.h">
      <Filter>Gl</Filter>
    </ClInclude>
    <ClInclude Include="Header\pch.h">
      <Filter>头文件</Filter>
    </ClInclude>
    <ClInclude Include="Test\Test_Triangle.h">
      <Filter>Test</Filter>
    </ClInclude>
    <ClInclude Include="Test\Test_wnd.h">
      <Filter>Test</Filter>
    </ClInclude>
    <ClInclude Include="Header\stb_image.h">
      <Filter>头文件</Filter>
    </ClInclude>
    <ClInclude Include="Test\Test_Texture.h">
      <Filter>头文件</Filter>
    </ClInclude>
    <ClInclude Include="Gl\TextureUnit.h">
      <Filter>头文件</Filter>
    </ClInclude>
    <ClInclude Include="Header\Application.h">
      <Filter>头文件</Filter>
    </ClInclude>
  </ItemGroup>
</Project>